// !$*UTF8*$!
{
	archiveVersion = 1;
	classes = {
	};
	objectVersion = 50;
	objects = {

/* Begin PBXBuildFile section */
		C3204C2924BFE21000B995C8 /* AppDelegate.swift in Sources */ = {isa = PBXBuildFile; fileRef = C3204C2824BFE21000B995C8 /* AppDelegate.swift */; };
		C3204C2B24BFE21000B995C8 /* SceneDelegate.swift in Sources */ = {isa = PBXBuildFile; fileRef = C3204C2A24BFE21000B995C8 /* SceneDelegate.swift */; };
		C3204C2D24BFE21000B995C8 /* HomeViewController.swift in Sources */ = {isa = PBXBuildFile; fileRef = C3204C2C24BFE21000B995C8 /* HomeViewController.swift */; };
		C3204C3024BFE21000B995C8 /* Main.storyboard in Resources */ = {isa = PBXBuildFile; fileRef = C3204C2E24BFE21000B995C8 /* Main.storyboard */; };
		C3204C3224BFE21200B995C8 /* Assets.xcassets in Resources */ = {isa = PBXBuildFile; fileRef = C3204C3124BFE21200B995C8 /* Assets.xcassets */; };
		C3204C3524BFE21200B995C8 /* LaunchScreen.storyboard in Resources */ = {isa = PBXBuildFile; fileRef = C3204C3324BFE21200B995C8 /* LaunchScreen.storyboard */; };
		C365CBE524C0930200B570D2 /* MovieDetailsViewController.swift in Sources */ = {isa = PBXBuildFile; fileRef = C365CBE424C0930200B570D2 /* MovieDetailsViewController.swift */; };
		C365CBE924C094EE00B570D2 /* MoviePlaceholder.swift in Sources */ = {isa = PBXBuildFile; fileRef = C365CBE824C094EE00B570D2 /* MoviePlaceholder.swift */; };
		C365CBEE24C09DCC00B570D2 /* HomeCollectionViewCell.swift in Sources */ = {isa = PBXBuildFile; fileRef = C365CBEC24C09DCC00B570D2 /* HomeCollectionViewCell.swift */; };
		C365CBEF24C09DCC00B570D2 /* HomeCollectionViewCell.xib in Resources */ = {isa = PBXBuildFile; fileRef = C365CBED24C09DCC00B570D2 /* HomeCollectionViewCell.xib */; };
/* End PBXBuildFile section */

/* Begin PBXFileReference section */
		C3204C2524BFE21000B995C8 /* theMovieDB.app */ = {isa = PBXFileReference; explicitFileType = wrapper.application; includeInIndex = 0; path = theMovieDB.app; sourceTree = BUILT_PRODUCTS_DIR; };
		C3204C2824BFE21000B995C8 /* AppDelegate.swift */ = {isa = PBXFileReference; lastKnownFileType = sourcecode.swift; path = AppDelegate.swift; sourceTree = "<group>"; };
		C3204C2A24BFE21000B995C8 /* SceneDelegate.swift */ = {isa = PBXFileReference; lastKnownFileType = sourcecode.swift; path = SceneDelegate.swift; sourceTree = "<group>"; };
		C3204C2C24BFE21000B995C8 /* HomeViewController.swift */ = {isa = PBXFileReference; lastKnownFileType = sourcecode.swift; path = HomeViewController.swift; sourceTree = "<group>"; };
		C3204C2F24BFE21000B995C8 /* Base */ = {isa = PBXFileReference; lastKnownFileType = file.storyboard; name = Base; path = Base.lproj/Main.storyboard; sourceTree = "<group>"; };
		C3204C3124BFE21200B995C8 /* Assets.xcassets */ = {isa = PBXFileReference; lastKnownFileType = folder.assetcatalog; path = Assets.xcassets; sourceTree = "<group>"; };
		C3204C3424BFE21200B995C8 /* Base */ = {isa = PBXFileReference; lastKnownFileType = file.storyboard; name = Base; path = Base.lproj/LaunchScreen.storyboard; sourceTree = "<group>"; };
		C3204C3624BFE21200B995C8 /* Info.plist */ = {isa = PBXFileReference; lastKnownFileType = text.plist.xml; path = Info.plist; sourceTree = "<group>"; };
		C365CBE424C0930200B570D2 /* MovieDetailsViewController.swift */ = {isa = PBXFileReference; lastKnownFileType = sourcecode.swift; path = MovieDetailsViewController.swift; sourceTree = "<group>"; };
		C365CBE824C094EE00B570D2 /* MoviePlaceholder.swift */ = {isa = PBXFileReference; lastKnownFileType = sourcecode.swift; path = MoviePlaceholder.swift; sourceTree = "<group>"; };
		C365CBEC24C09DCC00B570D2 /* HomeCollectionViewCell.swift */ = {isa = PBXFileReference; lastKnownFileType = sourcecode.swift; path = HomeCollectionViewCell.swift; sourceTree = "<group>"; };
		C365CBED24C09DCC00B570D2 /* HomeCollectionViewCell.xib */ = {isa = PBXFileReference; lastKnownFileType = file.xib; path = HomeCollectionViewCell.xib; sourceTree = "<group>"; };
/* End PBXFileReference section */

/* Begin PBXFrameworksBuildPhase section */
		C3204C2224BFE21000B995C8 /* Frameworks */ = {
			isa = PBXFrameworksBuildPhase;
			buildActionMask = 2147483647;
			files = (
			);
			runOnlyForDeploymentPostprocessing = 0;
		};
/* End PBXFrameworksBuildPhase section */

/* Begin PBXGroup section */
		C3204C1C24BFE21000B995C8 = {
			isa = PBXGroup;
			children = (
				C3204C2724BFE21000B995C8 /* theMovieDB */,
				C3204C2624BFE21000B995C8 /* Products */,
			);
			sourceTree = "<group>";
		};
		C3204C2624BFE21000B995C8 /* Products */ = {
			isa = PBXGroup;
			children = (
				C3204C2524BFE21000B995C8 /* theMovieDB.app */,
			);
			name = Products;
			sourceTree = "<group>";
		};
		C3204C2724BFE21000B995C8 /* theMovieDB */ = {
			isa = PBXGroup;
			children = (
				C365CBE724C094D900B570D2 /* Special Classes */,
				C365CBE624C0931500B570D2 /* View Controllers */,
				C3204C2824BFE21000B995C8 /* AppDelegate.swift */,
				C3204C2A24BFE21000B995C8 /* SceneDelegate.swift */,
				C3204C2E24BFE21000B995C8 /* Main.storyboard */,
				C3204C3124BFE21200B995C8 /* Assets.xcassets */,
				C3204C3324BFE21200B995C8 /* LaunchScreen.storyboard */,
				C3204C3624BFE21200B995C8 /* Info.plist */,
			);
			path = theMovieDB;
			sourceTree = "<group>";
		};
		C365CBE624C0931500B570D2 /* View Controllers */ = {
			isa = PBXGroup;
			children = (
				C365CBE424C0930200B570D2 /* MovieDetailsViewController.swift */,
				C3204C2C24BFE21000B995C8 /* HomeViewController.swift */,
				C365CBEC24C09DCC00B570D2 /* HomeCollectionViewCell.swift */,
				C365CBED24C09DCC00B570D2 /* HomeCollectionViewCell.xib */,
			);
			path = "View Controllers";
			sourceTree = "<group>";
		};
		C365CBE724C094D900B570D2 /* Special Classes */ = {
			isa = PBXGroup;
			children = (
				C365CBE824C094EE00B570D2 /* MoviePlaceholder.swift */,
			);
			path = "Special Classes";
			sourceTree = "<group>";
		};
/* End PBXGroup section */

/* Begin PBXNativeTarget section */
		C3204C2424BFE21000B995C8 /* theMovieDB */ = {
			isa = PBXNativeTarget;
			buildConfigurationList = C3204C3924BFE21200B995C8 /* Build configuration list for PBXNativeTarget "theMovieDB" */;
			buildPhases = (
				C3204C2124BFE21000B995C8 /* Sources */,
				C3204C2224BFE21000B995C8 /* Frameworks */,
				C3204C2324BFE21000B995C8 /* Resources */,
			);
			buildRules = (
			);
			dependencies = (
			);
			name = theMovieDB;
			productName = theMovieDB;
			productReference = C3204C2524BFE21000B995C8 /* theMovieDB.app */;
			productType = "com.apple.product-type.application";
		};
/* End PBXNativeTarget section */

/* Begin PBXProject section */
		C3204C1D24BFE21000B995C8 /* Project object */ = {
			isa = PBXProject;
			attributes = {
				LastSwiftUpdateCheck = 1150;
				LastUpgradeCheck = 1150;
				ORGANIZATIONNAME = "Alejandro Parra";
				TargetAttributes = {
					C3204C2424BFE21000B995C8 = {
						CreatedOnToolsVersion = 11.5;
					};
				};
			};
			buildConfigurationList = C3204C2024BFE21000B995C8 /* Build configuration list for PBXProject "theMovieDB" */;
			compatibilityVersion = "Xcode 9.3";
			developmentRegion = en;
			hasScannedForEncodings = 0;
			knownRegions = (
				en,
				Base,
			);
			mainGroup = C3204C1C24BFE21000B995C8;
			productRefGroup = C3204C2624BFE21000B995C8 /* Products */;
			projectDirPath = "";
			projectRoot = "";
			targets = (
				C3204C2424BFE21000B995C8 /* theMovieDB */,
			);
		};
/* End PBXProject section */

/* Begin PBXResourcesBuildPhase section */
		C3204C2324BFE21000B995C8 /* Resources */ = {
			isa = PBXResourcesBuildPhase;
			buildActionMask = 2147483647;
			files = (
				C3204C3524BFE21200B995C8 /* LaunchScreen.storyboard in Resources */,
				C3204C3224BFE21200B995C8 /* Assets.xcassets in Resources */,
				C3204C3024BFE21000B995C8 /* Main.storyboard in Resources */,
				C365CBEF24C09DCC00B570D2 /* HomeCollectionViewCell.xib in Resources */,
			);
			runOnlyForDeploymentPostprocessing = 0;
		};
/* End PBXResourcesBuildPhase section */

/* Begin PBXSourcesBuildPhase section */
		C3204C2124BFE21000B995C8 /* Sources */ = {
			isa = PBXSourcesBuildPhase;
			buildActionMask = 2147483647;
			files = (
				C365CBE524C0930200B570D2 /* MovieDetailsViewController.swift in Sources */,
				C3204C2D24BFE21000B995C8 /* HomeViewController.swift in Sources */,
				C3204C2924BFE21000B995C8 /* AppDelegate.swift in Sources */,
				C3204C2B24BFE21000B995C8 /* SceneDelegate.swift in Sources */,
				C365CBE924C094EE00B570D2 /* MoviePlaceholder.swift in Sources */,
				C365CBEE24C09DCC00B570D2 /* HomeCollectionViewCell.swift in Sources */,
			);
			runOnlyForDeploymentPostprocessing = 0;
		};
/* End PBXSourcesBuildPhase section */

/* Begin PBXVariantGroup section */
		C3204C2E24BFE21000B995C8 /* Main.storyboard */ = {
			isa = PBXVariantGroup;
			children = (
				C3204C2F24BFE21000B995C8 /* Base */,
			);
			name = Main.storyboard;
			sourceTree = "<group>";
		};
		C3204C3324BFE21200B995C8 /* LaunchScreen.storyboard */ = {
			isa = PBXVariantGroup;
			children = (
				C3204C3424BFE21200B995C8 /* Base */,
			);
			name = LaunchScreen.storyboard;
			sourceTree = "<group>";
		};
/* End PBXVariantGroup section */

/* Begin XCBuildConfiguration section */
		C3204C3724BFE21200B995C8 /* Debug */ = {
			isa = XCBuildConfiguration;
			buildSettings = {
				ALWAYS_SEARCH_USER_PATHS = NO;
				CLANG_ANALYZER_NONNULL = YES;
				CLANG_ANALYZER_NUMBER_OBJECT_CONVERSION = YES_AGGRESSIVE;
				CLANG_CXX_LANGUAGE_STANDARD = "gnu++14";
				CLANG_CXX_LIBRARY = "libc++";
				CLANG_ENABLE_MODULES = YES;
				CLANG_ENABLE_OBJC_ARC = YES;
				CLANG_ENABLE_OBJC_WEAK = YES;
				CLANG_WARN_BLOCK_CAPTURE_AUTORELEASING = YES;
				CLANG_WARN_BOOL_CONVERSION = YES;
				CLANG_WARN_COMMA = YES;
				CLANG_WARN_CONSTANT_CONVERSION = YES;
				CLANG_WARN_DEPRECATED_OBJC_IMPLEMENTATIONS = YES;
				CLANG_WARN_DIRECT_OBJC_ISA_USAGE = YES_ERROR;
				CLANG_WARN_DOCUMENTATION_COMMENTS = YES;
				CLANG_WARN_EMPTY_BODY = YES;
				CLANG_WARN_ENUM_CONVERSION = YES;
				CLANG_WARN_INFINITE_RECURSION = YES;
				CLANG_WARN_INT_CONVERSION = YES;
				CLANG_WARN_NON_LITERAL_NULL_CONVERSION = YES;
				CLANG_WARN_OBJC_IMPLICIT_RETAIN_SELF = YES;
				CLANG_WARN_OBJC_LITERAL_CONVERSION = YES;
				CLANG_WARN_OBJC_ROOT_CLASS = YES_ERROR;
				CLANG_WARN_RANGE_LOOP_ANALYSIS = YES;
				CLANG_WARN_STRICT_PROTOTYPES = YES;
				CLANG_WARN_SUSPICIOUS_MOVE = YES;
				CLANG_WARN_UNGUARDED_AVAILABILITY = YES_AGGRESSIVE;
				CLANG_WARN_UNREACHABLE_CODE = YES;
				CLANG_WARN__DUPLICATE_METHOD_MATCH = YES;
				COPY_PHASE_STRIP = NO;
				DEBUG_INFORMATION_FORMAT = dwarf;
				ENABLE_STRICT_OBJC_MSGSEND = YES;
				ENABLE_TESTABILITY = YES;
				GCC_C_LANGUAGE_STANDARD = gnu11;
				GCC_DYNAMIC_NO_PIC = NO;
				GCC_NO_COMMON_BLOCKS = YES;
				GCC_OPTIMIZATION_LEVEL = 0;
				GCC_PREPROCESSOR_DEFINITIONS = (
					"DEBUG=1",
					"$(inherited)",
				);
				GCC_WARN_64_TO_32_BIT_CONVERSION = YES;
				GCC_WARN_ABOUT_RETURN_TYPE = YES_ERROR;
				GCC_WARN_UNDECLARED_SELECTOR = YES;
				GCC_WARN_UNINITIALIZED_AUTOS = YES_AGGRESSIVE;
				GCC_WARN_UNUSED_FUNCTION = YES;
				GCC_WARN_UNUSED_VARIABLE = YES;
				IPHONEOS_DEPLOYMENT_TARGET = 13.5;
				MTL_ENABLE_DEBUG_INFO = INCLUDE_SOURCE;
				MTL_FAST_MATH = YES;
				ONLY_ACTIVE_ARCH = YES;
				SDKROOT = iphoneos;
				SWIFT_ACTIVE_COMPILATION_CONDITIONS = DEBUG;
				SWIFT_OPTIMIZATION_LEVEL = "-Onone";
			};
			name = Debug;
		};
		C3204C3824BFE21200B995C8 /* Release */ = {
			isa = XCBuildConfiguration;
			buildSettings = {
				ALWAYS_SEARCH_USER_PATHS = NO;
				CLANG_ANALYZER_NONNULL = YES;
				CLANG_ANALYZER_NUMBER_OBJECT_CONVERSION = YES_AGGRESSIVE;
				CLANG_CXX_LANGUAGE_STANDARD = "gnu++14";
				CLANG_CXX_LIBRARY = "libc++";
				CLANG_ENABLE_MODULES = YES;
				CLANG_ENABLE_OBJC_ARC = YES;
				CLANG_ENABLE_OBJC_WEAK = YES;
				CLANG_WARN_BLOCK_CAPTURE_AUTORELEASING = YES;
				CLANG_WARN_BOOL_CONVERSION = YES;
				CLANG_WARN_COMMA = YES;
				CLANG_WARN_CONSTANT_CONVERSION = YES;
				CLANG_WARN_DEPRECATED_OBJC_IMPLEMENTATIONS = YES;
				CLANG_WARN_DIRECT_OBJC_ISA_USAGE = YES_ERROR;
				CLANG_WARN_DOCUMENTATION_COMMENTS = YES;
				CLANG_WARN_EMPTY_BODY = YES;
				CLANG_WARN_ENUM_CONVERSION = YES;
				CLANG_WARN_INFINITE_RECURSION = YES;
				CLANG_WARN_INT_CONVERSION = YES;
				CLANG_WARN_NON_LITERAL_NULL_CONVERSION = YES;
				CLANG_WARN_OBJC_IMPLICIT_RETAIN_SELF = YES;
				CLANG_WARN_OBJC_LITERAL_CONVERSION = YES;
				CLANG_WARN_OBJC_ROOT_CLASS = YES_ERROR;
				CLANG_WARN_RANGE_LOOP_ANALYSIS = YES;
				CLANG_WARN_STRICT_PROTOTYPES = YES;
				CLANG_WARN_SUSPICIOUS_MOVE = YES;
				CLANG_WARN_UNGUARDED_AVAILABILITY = YES_AGGRESSIVE;
				CLANG_WARN_UNREACHABLE_CODE = YES;
				CLANG_WARN__DUPLICATE_METHOD_MATCH = YES;
				COPY_PHASE_STRIP = NO;
				DEBUG_INFORMATION_FORMAT = "dwarf-with-dsym";
				ENABLE_NS_ASSERTIONS = NO;
				ENABLE_STRICT_OBJC_MSGSEND = YES;
				GCC_C_LANGUAGE_STANDARD = gnu11;
				GCC_NO_COMMON_BLOCKS = YES;
				GCC_WARN_64_TO_32_BIT_CONVERSION = YES;
				GCC_WARN_ABOUT_RETURN_TYPE = YES_ERROR;
				GCC_WARN_UNDECLARED_SELECTOR = YES;
				GCC_WARN_UNINITIALIZED_AUTOS = YES_AGGRESSIVE;
				GCC_WARN_UNUSED_FUNCTION = YES;
				GCC_WARN_UNUSED_VARIABLE = YES;
				IPHONEOS_DEPLOYMENT_TARGET = 13.5;
				MTL_ENABLE_DEBUG_INFO = NO;
				MTL_FAST_MATH = YES;
				SDKROOT = iphoneos;
				SWIFT_COMPILATION_MODE = wholemodule;
				SWIFT_OPTIMIZATION_LEVEL = "-O";
				VALIDATE_PRODUCT = YES;
			};
			name = Release;
		};
		C3204C3A24BFE21200B995C8 /* Debug */ = {
			isa = XCBuildConfiguration;
			buildSettings = {
				ASSETCATALOG_COMPILER_APPICON_NAME = AppIcon;
				CODE_SIGN_STYLE = Automatic;
				DEVELOPMENT_TEAM = 2537UX7879;
				INFOPLIST_FILE = theMovieDB/Info.plist;
				LD_RUNPATH_SEARCH_PATHS = (
					"$(inherited)",
					"@executable_path/Frameworks",
				);
				PRODUCT_BUNDLE_IDENTIFIER = com.alexparra.theMovieDB;
				PRODUCT_NAME = "$(TARGET_NAME)";
				SWIFT_VERSION = 5.0;
				TARGETED_DEVICE_FAMILY = "1,2";
			};
			name = Debug;
		};
		C3204C3B24BFE21200B995C8 /* Release */ = {
			isa = XCBuildConfiguration;
			buildSettings = {
				ASSETCATALOG_COMPILER_APPICON_NAME = AppIcon;
				CODE_SIGN_STYLE = Automatic;
				DEVELOPMENT_TEAM = 2537UX7879;
				INFOPLIST_FILE = theMovieDB/Info.plist;
				LD_RUNPATH_SEARCH_PATHS = (
					"$(inherited)",
					"@executable_path/Frameworks",
				);
				PRODUCT_BUNDLE_IDENTIFIER = com.alexparra.theMovieDB;
				PRODUCT_NAME = "$(TARGET_NAME)";
				SWIFT_VERSION = 5.0;
				TARGETED_DEVICE_FAMILY = "1,2";
			};
			name = Release;
		};
/* End XCBuildConfiguration section */

/* Begin XCConfigurationList section */
		C3204C2024BFE21000B995C8 /* Build configuration list for PBXProject "theMovieDB" */ = {
			isa = XCConfigurationList;
			buildConfigurations = (
				C3204C3724BFE21200B995C8 /* Debug */,
				C3204C3824BFE21200B995C8 /* Release */,
			);
			defaultConfigurationIsVisible = 0;
			defaultConfigurationName = Release;
		};
		C3204C3924BFE21200B995C8 /* Build configuration list for PBXNativeTarget "theMovieDB" */ = {
			isa = XCConfigurationList;
			buildConfigurations = (
				C3204C3A24BFE21200B995C8 /* Debug */,
				C3204C3B24BFE21200B995C8 /* Release */,
			);
			defaultConfigurationIsVisible = 0;
			defaultConfigurationName = Release;
		};
/* End XCConfigurationList section */
	};
	rootObject = C3204C1D24BFE21000B995C8 /* Project object */;
}
